9fans.net/go v0.0.2 h1:RYM6lWITV8oADrwLfdzxmt8ucfW6UtP9v1jg4qAbqts=
9fans.net/go v0.0.2/go.mod h1:lfPdxjq9v8pVQXUMBCx5EO5oLXWQFlKRQgs1kEkjoIM=
github.com/ananagame/rich-go v0.0.0-20200319172754-527649f3d36d h1:A6eLJwlu+zpUBm+iTD9JFT9m3JX0SIALnSutn3LymTs=
github.com/ananagame/rich-go v0.0.0-20200319172754-527649f3d36d/go.mod h1:U9YxCfeNzWcDUs4O8lQfUyz9txKHTojVykpQicaZhyU=
github.com/hugolgst/rich-go v0.0.0-20200319172754-527649f3d36d h1:HYFRni7r+C/z96mu/Ur+JZrcnsCvlA8WEFBEhyGpXH8=
github.com/hugolgst/rich-go v0.0.0-20200319172754-527649f3d36d/go.mod h1:J5UWekI/HHIt5ID+GVPAW+M19kxXLTFnAdTGDl4mRF0=
